
Microsoft Visual Studio Solution File, Format Version 11.00
# Visual Studio 2010
Project("{FAE04EC0-301F-11D3-BF4B-00C04F79EFBC}") = "api.mtgdb.info", "api.mtgdb.info.csproj", "{ED638DD5-E755-4B7A-940D-5C94AB425686}"
EndProject
Project("{2150E333-8FDC-42A3-9474-1A3956D46DE8}") = "Solution Items", "Solution Items", "{EABF2EAC-77D9-4C95-8CB1-5FF29B63F679}"
	ProjectSection(SolutionItems) = preProject
		README.md = README.md
	EndProjectSection
EndProject
Project("{FAE04EC0-301F-11D3-BF4B-00C04F79EFBC}") = "MtgDbDriver", "..\wrappers\csharp\mtgapi_wrapper\MtgDbDriver.csproj", "{774C64D9-654A-4795-9DFB-25FA2B992393}"
EndProject
Project("{FAE04EC0-301F-11D3-BF4B-00C04F79EFBC}") = "TestMtgDbDriver", "..\wrappers\csharp\mtgapi_wrapper\wrapper_test\TestMtgDbDriver.csproj", "{252825B2-0EE3-49B5-BD9C-46B47C7EA1A4}"
EndProject
Project("{FAE04EC0-301F-11D3-BF4B-00C04F79EFBC}") = "TestMtgDbApi", "testapi\TestMtgDbApi.csproj", "{C905AC07-9849-4489-AD2A-ADA0237B54D5}"
EndProject
Project("{FAE04EC0-301F-11D3-BF4B-00C04F79EFBC}") = "MtgDbAdminDriver", "MtgDbAdminDriver\MtgDbAdminDriver.csproj", "{450FBB69-E870-4D97-8EA9-E4A532F8D5BE}"
EndProject
Global
	GlobalSection(SolutionConfigurationPlatforms) = preSolution
		Debug|Any CPU = Debug|Any CPU
		Release|Any CPU = Release|Any CPU
	EndGlobalSection
	GlobalSection(ProjectConfigurationPlatforms) = postSolution
		{252825B2-0EE3-49B5-BD9C-46B47C7EA1A4}.Debug|Any CPU.ActiveCfg = Debug|Any CPU
		{252825B2-0EE3-49B5-BD9C-46B47C7EA1A4}.Debug|Any CPU.Build.0 = Debug|Any CPU
		{252825B2-0EE3-49B5-BD9C-46B47C7EA1A4}.Release|Any CPU.ActiveCfg = Release|Any CPU
		{252825B2-0EE3-49B5-BD9C-46B47C7EA1A4}.Release|Any CPU.Build.0 = Release|Any CPU
		{450FBB69-E870-4D97-8EA9-E4A532F8D5BE}.Debug|Any CPU.ActiveCfg = Debug|Any CPU
		{450FBB69-E870-4D97-8EA9-E4A532F8D5BE}.Debug|Any CPU.Build.0 = Debug|Any CPU
		{450FBB69-E870-4D97-8EA9-E4A532F8D5BE}.Release|Any CPU.ActiveCfg = Release|Any CPU
		{450FBB69-E870-4D97-8EA9-E4A532F8D5BE}.Release|Any CPU.Build.0 = Release|Any CPU
		{774C64D9-654A-4795-9DFB-25FA2B992393}.Debug|Any CPU.ActiveCfg = Debug|Any CPU
		{774C64D9-654A-4795-9DFB-25FA2B992393}.Debug|Any CPU.Build.0 = Debug|Any CPU
		{774C64D9-654A-4795-9DFB-25FA2B992393}.Release|Any CPU.ActiveCfg = Release|Any CPU
		{774C64D9-654A-4795-9DFB-25FA2B992393}.Release|Any CPU.Build.0 = Release|Any CPU
		{C905AC07-9849-4489-AD2A-ADA0237B54D5}.Debug|Any CPU.ActiveCfg = Debug|Any CPU
		{C905AC07-9849-4489-AD2A-ADA0237B54D5}.Debug|Any CPU.Build.0 = Debug|Any CPU
		{C905AC07-9849-4489-AD2A-ADA0237B54D5}.Release|Any CPU.ActiveCfg = Release|Any CPU
		{C905AC07-9849-4489-AD2A-ADA0237B54D5}.Release|Any CPU.Build.0 = Release|Any CPU
		{ED638DD5-E755-4B7A-940D-5C94AB425686}.Debug|Any CPU.ActiveCfg = Debug|Any CPU
		{ED638DD5-E755-4B7A-940D-5C94AB425686}.Debug|Any CPU.Build.0 = Debug|Any CPU
		{ED638DD5-E755-4B7A-940D-5C94AB425686}.Release|Any CPU.ActiveCfg = Release|Any CPU
		{ED638DD5-E755-4B7A-940D-5C94AB425686}.Release|Any CPU.Build.0 = Release|Any CPU
	EndGlobalSection
	GlobalSection(NestedProjects) = preSolution
	EndGlobalSection
	GlobalSection(MonoDevelopProperties) = preSolution
		StartupItem = api.mtgdb.info.csproj
	EndGlobalSection
EndGlobal
